// !$*UTF8*$!
{
	archiveVersion = 1;
	classes = {
	};
	objectVersion = 46;
	objects = {

/* Begin PBXBuildFile section */
		934262DF19D78FCB00221550 /* YJZImageStore.m in Sources */ = {isa = PBXBuildFile; fileRef = 934262DE19D78FCB00221550 /* YJZImageStore.m */; };
		938302A0197F86D4008442A6 /* YJZNavViewController.m in Sources */ = {isa = PBXBuildFile; fileRef = 9383029F197F86D4008442A6 /* YJZNavViewController.m */; };
		93A1BD57197F0B4D007DBC9E /* YJZConstants.m in Sources */ = {isa = PBXBuildFile; fileRef = 93A1BD56197F0B4D007DBC9E /* YJZConstants.m */; };
		93A1BD63197F45E3007DBC9E /* YJZPlaceAnim.m in Sources */ = {isa = PBXBuildFile; fileRef = 93A1BD62197F45E3007DBC9E /* YJZPlaceAnim.m */; };
		93A86AAE197B16060015F16F /* Foundation.framework in Frameworks */ = {isa = PBXBuildFile; fileRef = 93A86AAD197B16060015F16F /* Foundation.framework */; };
		93A86AB0197B16060015F16F /* CoreGraphics.framework in Frameworks */ = {isa = PBXBuildFile; fileRef = 93A86AAF197B16060015F16F /* CoreGraphics.framework */; };
		93A86AB2197B16060015F16F /* UIKit.framework in Frameworks */ = {isa = PBXBuildFile; fileRef = 93A86AB1197B16060015F16F /* UIKit.framework */; };
		93A86AB8197B16060015F16F /* InfoPlist.strings in Resources */ = {isa = PBXBuildFile; fileRef = 93A86AB6197B16060015F16F /* InfoPlist.strings */; };
		93A86ABA197B16060015F16F /* main.m in Sources */ = {isa = PBXBuildFile; fileRef = 93A86AB9197B16060015F16F /* main.m */; };
		93A86ABE197B16060015F16F /* YJZAppDelegate.m in Sources */ = {isa = PBXBuildFile; fileRef = 93A86ABD197B16060015F16F /* YJZAppDelegate.m */; };
		93A86AC0197B16060015F16F /* Images.xcassets in Resources */ = {isa = PBXBuildFile; fileRef = 93A86ABF197B16060015F16F /* Images.xcassets */; };
		93A86AC7197B16060015F16F /* XCTest.framework in Frameworks */ = {isa = PBXBuildFile; fileRef = 93A86AC6197B16060015F16F /* XCTest.framework */; };
		93A86AC8197B16060015F16F /* Foundation.framework in Frameworks */ = {isa = PBXBuildFile; fileRef = 93A86AAD197B16060015F16F /* Foundation.framework */; };
		93A86AC9197B16060015F16F /* UIKit.framework in Frameworks */ = {isa = PBXBuildFile; fileRef = 93A86AB1197B16060015F16F /* UIKit.framework */; };
		93A86AD1197B16060015F16F /* InfoPlist.strings in Resources */ = {isa = PBXBuildFile; fileRef = 93A86ACF197B16060015F16F /* InfoPlist.strings */; };
		93A86AD3197B16060015F16F /* PlacesTests.m in Sources */ = {isa = PBXBuildFile; fileRef = 93A86AD2197B16060015F16F /* PlacesTests.m */; };
		93A86ADE197B16300015F16F /* YJZPlace.m in Sources */ = {isa = PBXBuildFile; fileRef = 93A86ADD197B16300015F16F /* YJZPlace.m */; };
		93A86AE1197B2C080015F16F /* YJZPlaceStore.m in Sources */ = {isa = PBXBuildFile; fileRef = 93A86AE0197B2C080015F16F /* YJZPlaceStore.m */; };
		93A86AE4197B3B1E0015F16F /* YJZPlacesViewController.m in Sources */ = {isa = PBXBuildFile; fileRef = 93A86AE3197B3B1E0015F16F /* YJZPlacesViewController.m */; };
		93A86AED197B64340015F16F /* YJZDetailViewController.m in Sources */ = {isa = PBXBuildFile; fileRef = 93A86AEB197B64340015F16F /* YJZDetailViewController.m */; };
		93A86AEE197B64340015F16F /* YJZDetailViewController.xib in Resources */ = {isa = PBXBuildFile; fileRef = 93A86AEC197B64340015F16F /* YJZDetailViewController.xib */; };
		93AFA3F21981B247004F71F8 /* YJZAPIConstants.m in Sources */ = {isa = PBXBuildFile; fileRef = 93AFA3F11981B247004F71F8 /* YJZAPIConstants.m */; };
		93AFA4011981DC29004F71F8 /* YJZAddViewController.m in Sources */ = {isa = PBXBuildFile; fileRef = 93AFA3FF1981DC29004F71F8 /* YJZAddViewController.m */; };
		93AFA4021981DC29004F71F8 /* YJZAddViewController.xib in Resources */ = {isa = PBXBuildFile; fileRef = 93AFA4001981DC29004F71F8 /* YJZAddViewController.xib */; };
		93D96827197CC95500D9D04D /* SectionView.xib in Resources */ = {isa = PBXBuildFile; fileRef = 93D96826197CC95500D9D04D /* SectionView.xib */; };
		93E6D47A19809BD600FD1C7B /* YJZPanTransition.m in Sources */ = {isa = PBXBuildFile; fileRef = 93E6D47919809BD600FD1C7B /* YJZPanTransition.m */; };
/* End PBXBuildFile section */

/* Begin PBXContainerItemProxy section */
		93A86ACA197B16060015F16F /* PBXContainerItemProxy */ = {
			isa = PBXContainerItemProxy;
			containerPortal = 93A86AA2197B16060015F16F /* Project object */;
			proxyType = 1;
			remoteGlobalIDString = 93A86AA9197B16060015F16F;
			remoteInfo = Places;
		};
/* End PBXContainerItemProxy section */

/* Begin PBXFileReference section */
		934262DD19D78FCB00221550 /* YJZImageStore.h */ = {isa = PBXFileReference; fileEncoding = 4; lastKnownFileType = sourcecode.c.h; path = YJZImageStore.h; sourceTree = "<group>"; };
		934262DE19D78FCB00221550 /* YJZImageStore.m */ = {isa = PBXFileReference; fileEncoding = 4; lastKnownFileType = sourcecode.c.objc; path = YJZImageStore.m; sourceTree = "<group>"; };
		9383029E197F86D4008442A6 /* YJZNavViewController.h */ = {isa = PBXFileReference; fileEncoding = 4; lastKnownFileType = sourcecode.c.h; path = YJZNavViewController.h; sourceTree = "<group>"; };
		9383029F197F86D4008442A6 /* YJZNavViewController.m */ = {isa = PBXFileReference; fileEncoding = 4; lastKnownFileType = sourcecode.c.objc; path = YJZNavViewController.m; sourceTree = "<group>"; };
		93A1BD55197F0B4D007DBC9E /* YJZConstants.h */ = {isa = PBXFileReference; fileEncoding = 4; lastKnownFileType = sourcecode.c.h; path = YJZConstants.h; sourceTree = "<group>"; };
		93A1BD56197F0B4D007DBC9E /* YJZConstants.m */ = {isa = PBXFileReference; fileEncoding = 4; lastKnownFileType = sourcecode.c.objc; path = YJZConstants.m; sourceTree = "<group>"; };
		93A1BD61197F45E3007DBC9E /* YJZPlaceAnim.h */ = {isa = PBXFileReference; fileEncoding = 4; lastKnownFileType = sourcecode.c.h; path = YJZPlaceAnim.h; sourceTree = "<group>"; };
		93A1BD62197F45E3007DBC9E /* YJZPlaceAnim.m */ = {isa = PBXFileReference; fileEncoding = 4; lastKnownFileType = sourcecode.c.objc; path = YJZPlaceAnim.m; sourceTree = "<group>"; };
		93A86AAA197B16060015F16F /* Places.app */ = {isa = PBXFileReference; explicitFileType = wrapper.application; includeInIndex = 0; path = Places.app; sourceTree = BUILT_PRODUCTS_DIR; };
		93A86AAD197B16060015F16F /* Foundation.framework */ = {isa = PBXFileReference; lastKnownFileType = wrapper.framework; name = Foundation.framework; path = System/Library/Frameworks/Foundation.framework; sourceTree = SDKROOT; };
		93A86AAF197B16060015F16F /* CoreGraphics.framework */ = {isa = PBXFileReference; lastKnownFileType = wrapper.framework; name = CoreGraphics.framework; path = System/Library/Frameworks/CoreGraphics.framework; sourceTree = SDKROOT; };
		93A86AB1197B16060015F16F /* UIKit.framework */ = {isa = PBXFileReference; lastKnownFileType = wrapper.framework; name = UIKit.framework; path = System/Library/Frameworks/UIKit.framework; sourceTree = SDKROOT; };
		93A86AB5197B16060015F16F /* Places-Info.plist */ = {isa = PBXFileReference; lastKnownFileType = text.plist.xml; path = "Places-Info.plist"; sourceTree = "<group>"; };
		93A86AB7197B16060015F16F /* en */ = {isa = PBXFileReference; lastKnownFileType = text.plist.strings; name = en; path = en.lproj/InfoPlist.strings; sourceTree = "<group>"; };
		93A86AB9197B16060015F16F /* main.m */ = {isa = PBXFileReference; lastKnownFileType = sourcecode.c.objc; path = main.m; sourceTree = "<group>"; };
		93A86ABB197B16060015F16F /* Places-Prefix.pch */ = {isa = PBXFileReference; lastKnownFileType = sourcecode.c.h; path = "Places-Prefix.pch"; sourceTree = "<group>"; };
		93A86ABC197B16060015F16F /* YJZAppDelegate.h */ = {isa = PBXFileReference; lastKnownFileType = sourcecode.c.h; path = YJZAppDelegate.h; sourceTree = "<group>"; };
		93A86ABD197B16060015F16F /* YJZAppDelegate.m */ = {isa = PBXFileReference; lastKnownFileType = sourcecode.c.objc; path = YJZAppDelegate.m; sourceTree = "<group>"; };
		93A86ABF197B16060015F16F /* Images.xcassets */ = {isa = PBXFileReference; lastKnownFileType = folder.assetcatalog; path = Images.xcassets; sourceTree = "<group>"; };
		93A86AC5197B16060015F16F /* PlacesTests.xctest */ = {isa = PBXFileReference; explicitFileType = wrapper.cfbundle; includeInIndex = 0; path = PlacesTests.xctest; sourceTree = BUILT_PRODUCTS_DIR; };
		93A86AC6197B16060015F16F /* XCTest.framework */ = {isa = PBXFileReference; lastKnownFileType = wrapper.framework; name = XCTest.framework; path = Library/Frameworks/XCTest.framework; sourceTree = DEVELOPER_DIR; };
		93A86ACE197B16060015F16F /* PlacesTests-Info.plist */ = {isa = PBXFileReference; lastKnownFileType = text.plist.xml; path = "PlacesTests-Info.plist"; sourceTree = "<group>"; };
		93A86AD0197B16060015F16F /* en */ = {isa = PBXFileReference; lastKnownFileType = text.plist.strings; name = en; path = en.lproj/InfoPlist.strings; sourceTree = "<group>"; };
		93A86AD2197B16060015F16F /* PlacesTests.m */ = {isa = PBXFileReference; lastKnownFileType = sourcecode.c.objc; path = PlacesTests.m; sourceTree = "<group>"; };
		93A86ADC197B16300015F16F /* YJZPlace.h */ = {isa = PBXFileReference; fileEncoding = 4; lastKnownFileType = sourcecode.c.h; path = YJZPlace.h; sourceTree = "<group>"; };
		93A86ADD197B16300015F16F /* YJZPlace.m */ = {isa = PBXFileReference; fileEncoding = 4; lastKnownFileType = sourcecode.c.objc; path = YJZPlace.m; sourceTree = "<group>"; };
		93A86ADF197B2C080015F16F /* YJZPlaceStore.h */ = {isa = PBXFileReference; fileEncoding = 4; lastKnownFileType = sourcecode.c.h; path = YJZPlaceStore.h; sourceTree = "<group>"; };
		93A86AE0197B2C080015F16F /* YJZPlaceStore.m */ = {isa = PBXFileReference; fileEncoding = 4; lastKnownFileType = sourcecode.c.objc; path = YJZPlaceStore.m; sourceTree = "<group>"; };
		93A86AE2197B3B1E0015F16F /* YJZPlacesViewController.h */ = {isa = PBXFileReference; fileEncoding = 4; lastKnownFileType = sourcecode.c.h; path = YJZPlacesViewController.h; sourceTree = "<group>"; };
		93A86AE3197B3B1E0015F16F /* YJZPlacesViewController.m */ = {isa = PBXFileReference; fileEncoding = 4; lastKnownFileType = sourcecode.c.objc; path = YJZPlacesViewController.m; sourceTree = "<group>"; };
		93A86AEA197B64340015F16F /* YJZDetailViewController.h */ = {isa = PBXFileReference; fileEncoding = 4; lastKnownFileType = sourcecode.c.h; path = YJZDetailViewController.h; sourceTree = "<group>"; };
		93A86AEB197B64340015F16F /* YJZDetailViewController.m */ = {isa = PBXFileReference; fileEncoding = 4; lastKnownFileType = sourcecode.c.objc; path = YJZDetailViewController.m; sourceTree = "<group>"; };
		93A86AEC197B64340015F16F /* YJZDetailViewController.xib */ = {isa = PBXFileReference; fileEncoding = 4; lastKnownFileType = file.xib; path = YJZDetailViewController.xib; sourceTree = "<group>"; };
		93AFA3F01981B247004F71F8 /* YJZAPIConstants.h */ = {isa = PBXFileReference; fileEncoding = 4; lastKnownFileType = sourcecode.c.h; path = YJZAPIConstants.h; sourceTree = "<group>"; };
		93AFA3F11981B247004F71F8 /* YJZAPIConstants.m */ = {isa = PBXFileReference; fileEncoding = 4; lastKnownFileType = sourcecode.c.objc; path = YJZAPIConstants.m; sourceTree = "<group>"; };
		93AFA3FE1981DC29004F71F8 /* YJZAddViewController.h */ = {isa = PBXFileReference; fileEncoding = 4; lastKnownFileType = sourcecode.c.h; path = YJZAddViewController.h; sourceTree = "<group>"; };
		93AFA3FF1981DC29004F71F8 /* YJZAddViewController.m */ = {isa = PBXFileReference; fileEncoding = 4; lastKnownFileType = sourcecode.c.objc; path = YJZAddViewController.m; sourceTree = "<group>"; };
		93AFA4001981DC29004F71F8 /* YJZAddViewController.xib */ = {isa = PBXFileReference; fileEncoding = 4; lastKnownFileType = file.xib; path = YJZAddViewController.xib; sourceTree = "<group>"; };
		93D96826197CC95500D9D04D /* SectionView.xib */ = {isa = PBXFileReference; fileEncoding = 4; lastKnownFileType = file.xib; path = SectionView.xib; sourceTree = "<group>"; };
		93E6D47819809BD600FD1C7B /* YJZPanTransition.h */ = {isa = PBXFileReference; fileEncoding = 4; lastKnownFileType = sourcecode.c.h; path = YJZPanTransition.h; sourceTree = "<group>"; };
		93E6D47919809BD600FD1C7B /* YJZPanTransition.m */ = {isa = PBXFileReference; fileEncoding = 4; lastKnownFileType = sourcecode.c.objc; path = YJZPanTransition.m; sourceTree = "<group>"; };
/* End PBXFileReference section */

/* Begin PBXFrameworksBuildPhase section */
		93A86AA7197B16060015F16F /* Frameworks */ = {
			isa = PBXFrameworksBuildPhase;
			buildActionMask = 2147483647;
			files = (
				93A86AB0197B16060015F16F /* CoreGraphics.framework in Frameworks */,
				93A86AB2197B16060015F16F /* UIKit.framework in Frameworks */,
				93A86AAE197B16060015F16F /* Foundation.framework in Frameworks */,
			);
			runOnlyForDeploymentPostprocessing = 0;
		};
		93A86AC2197B16060015F16F /* Frameworks */ = {
			isa = PBXFrameworksBuildPhase;
			buildActionMask = 2147483647;
			files = (
				93A86AC7197B16060015F16F /* XCTest.framework in Frameworks */,
				93A86AC9197B16060015F16F /* UIKit.framework in Frameworks */,
				93A86AC8197B16060015F16F /* Foundation.framework in Frameworks */,
			);
			runOnlyForDeploymentPostprocessing = 0;
		};
/* End PBXFrameworksBuildPhase section */

/* Begin PBXGroup section */
		93A86AA1197B16060015F16F = {
			isa = PBXGroup;
			children = (
				93A86AB3197B16060015F16F /* Places */,
				93A86ACC197B16060015F16F /* PlacesTests */,
				93A86AAC197B16060015F16F /* Frameworks */,
				93A86AAB197B16060015F16F /* Products */,
			);
			sourceTree = "<group>";
		};
		93A86AAB197B16060015F16F /* Products */ = {
			isa = PBXGroup;
			children = (
				93A86AAA197B16060015F16F /* Places.app */,
				93A86AC5197B16060015F16F /* PlacesTests.xctest */,
			);
			name = Products;
			sourceTree = "<group>";
		};
		93A86AAC197B16060015F16F /* Frameworks */ = {
			isa = PBXGroup;
			children = (
				93A86AAD197B16060015F16F /* Foundation.framework */,
				93A86AAF197B16060015F16F /* CoreGraphics.framework */,
				93A86AB1197B16060015F16F /* UIKit.framework */,
				93A86AC6197B16060015F16F /* XCTest.framework */,
			);
			name = Frameworks;
			sourceTree = "<group>";
		};
		93A86AB3197B16060015F16F /* Places */ = {
			isa = PBXGroup;
			children = (
				934262DD19D78FCB00221550 /* YJZImageStore.h */,
				934262DE19D78FCB00221550 /* YJZImageStore.m */,
				93AFA3EF1981B0F0004F71F8 /* Model */,
				93A86ABC197B16060015F16F /* YJZAppDelegate.h */,
				93A86ABD197B16060015F16F /* YJZAppDelegate.m */,
				93A86AE2197B3B1E0015F16F /* YJZPlacesViewController.h */,
				93A86AE3197B3B1E0015F16F /* YJZPlacesViewController.m */,
				93D96826197CC95500D9D04D /* SectionView.xib */,
				93A86AEA197B64340015F16F /* YJZDetailViewController.h */,
				93A86AEB197B64340015F16F /* YJZDetailViewController.m */,
				93A86AEC197B64340015F16F /* YJZDetailViewController.xib */,
				93A1BD61197F45E3007DBC9E /* YJZPlaceAnim.h */,
				93A1BD62197F45E3007DBC9E /* YJZPlaceAnim.m */,
				93E6D47819809BD600FD1C7B /* YJZPanTransition.h */,
				93E6D47919809BD600FD1C7B /* YJZPanTransition.m */,
				9383029E197F86D4008442A6 /* YJZNavViewController.h */,
				9383029F197F86D4008442A6 /* YJZNavViewController.m */,
				93AFA3F01981B247004F71F8 /* YJZAPIConstants.h */,
				93AFA3F11981B247004F71F8 /* YJZAPIConstants.m */,
				93AFA3FE1981DC29004F71F8 /* YJZAddViewController.h */,
				93AFA3FF1981DC29004F71F8 /* YJZAddViewController.m */,
				93AFA4001981DC29004F71F8 /* YJZAddViewController.xib */,
				93A86ABF197B16060015F16F /* Images.xcassets */,
				93A86AB4197B16060015F16F /* Supporting Files */,
			);
			path = Places;
			sourceTree = "<group>";
		};
		93A86AB4197B16060015F16F /* Supporting Files */ = {
			isa = PBXGroup;
			children = (
				93A86AB5197B16060015F16F /* Places-Info.plist */,
				93A86AB6197B16060015F16F /* InfoPlist.strings */,
				93A86AB9197B16060015F16F /* main.m */,
				93A86ABB197B16060015F16F /* Places-Prefix.pch */,
			);
			name = "Supporting Files";
			sourceTree = "<group>";
		};
		93A86ACC197B16060015F16F /* PlacesTests */ = {
			isa = PBXGroup;
			children = (
				93A86AD2197B16060015F16F /* PlacesTests.m */,
				93A86ACD197B16060015F16F /* Supporting Files */,
			);
			path = PlacesTests;
			sourceTree = "<group>";
		};
		93A86ACD197B16060015F16F /* Supporting Files */ = {
			isa = PBXGroup;
			children = (
				93A86ACE197B16060015F16F /* PlacesTests-Info.plist */,
				93A86ACF197B16060015F16F /* InfoPlist.strings */,
			);
			name = "Supporting Files";
			sourceTree = "<group>";
		};
		93AFA3EF1981B0F0004F71F8 /* Model */ = {
			isa = PBXGroup;
			children = (
				93A1BD55197F0B4D007DBC9E /* YJZConstants.h */,
				93A1BD56197F0B4D007DBC9E /* YJZConstants.m */,
				93A86ADF197B2C080015F16F /* YJZPlaceStore.h */,
				93A86AE0197B2C080015F16F /* YJZPlaceStore.m */,
				93A86ADC197B16300015F16F /* YJZPlace.h */,
				93A86ADD197B16300015F16F /* YJZPlace.m */,
			);
			name = Model;
			sourceTree = "<group>";
		};
/* End PBXGroup section */

/* Begin PBXNativeTarget section */
		93A86AA9197B16060015F16F /* Places */ = {
			isa = PBXNativeTarget;
			buildConfigurationList = 93A86AD6197B16060015F16F /* Build configuration list for PBXNativeTarget "Places" */;
			buildPhases = (
				93A86AA6197B16060015F16F /* Sources */,
				93A86AA7197B16060015F16F /* Frameworks */,
				93A86AA8197B16060015F16F /* Resources */,
			);
			buildRules = (
			);
			dependencies = (
			);
			name = Places;
			productName = Places;
			productReference = 93A86AAA197B16060015F16F /* Places.app */;
			productType = "com.apple.product-type.application";
		};
		93A86AC4197B16060015F16F /* PlacesTests */ = {
			isa = PBXNativeTarget;
			buildConfigurationList = 93A86AD9197B16060015F16F /* Build configuration list for PBXNativeTarget "PlacesTests" */;
			buildPhases = (
				93A86AC1197B16060015F16F /* Sources */,
				93A86AC2197B16060015F16F /* Frameworks */,
				93A86AC3197B16060015F16F /* Resources */,
			);
			buildRules = (
			);
			dependencies = (
				93A86ACB197B16060015F16F /* PBXTargetDependency */,
			);
			name = PlacesTests;
			productName = PlacesTests;
			productReference = 93A86AC5197B16060015F16F /* PlacesTests.xctest */;
			productType = "com.apple.product-type.bundle.unit-test";
		};
/* End PBXNativeTarget section */

/* Begin PBXProject section */
		93A86AA2197B16060015F16F /* Project object */ = {
			isa = PBXProject;
			attributes = {
				CLASSPREFIX = YJZ;
				LastUpgradeCheck = 0510;
				ORGANIZATIONNAME = "Yiwen Zhan";
				TargetAttributes = {
					93A86AC4197B16060015F16F = {
						TestTargetID = 93A86AA9197B16060015F16F;
					};
				};
			};
			buildConfigurationList = 93A86AA5197B16060015F16F /* Build configuration list for PBXProject "Places" */;
			compatibilityVersion = "Xcode 3.2";
			developmentRegion = English;
			hasScannedForEncodings = 0;
			knownRegions = (
				en,
			);
			mainGroup = 93A86AA1197B16060015F16F;
			productRefGroup = 93A86AAB197B16060015F16F /* Products */;
			projectDirPath = "";
			projectRoot = "";
			targets = (
				93A86AA9197B16060015F16F /* Places */,
				93A86AC4197B16060015F16F /* PlacesTests */,
			);
		};
/* End PBXProject section */

/* Begin PBXResourcesBuildPhase section */
		93A86AA8197B16060015F16F /* Resources */ = {
			isa = PBXResourcesBuildPhase;
			buildActionMask = 2147483647;
			files = (
				93D96827197CC95500D9D04D /* SectionView.xib in Resources */,
				93A86AB8197B16060015F16F /* InfoPlist.strings in Resources */,
				93A86AC0197B16060015F16F /* Images.xcassets in Resources */,
				93AFA4021981DC29004F71F8 /* YJZAddViewController.xib in Resources */,
				93A86AEE197B64340015F16F /* YJZDetailViewController.xib in Resources */,
			);
			runOnlyForDeploymentPostprocessing = 0;
		};
		93A86AC3197B16060015F16F /* Resources */ = {
			isa = PBXResourcesBuildPhase;
			buildActionMask = 2147483647;
			files = (
				93A86AD1197B16060015F16F /* InfoPlist.strings in Resources */,
			);
			runOnlyForDeploymentPostprocessing = 0;
		};
/* End PBXResourcesBuildPhase section */

/* Begin PBXSourcesBuildPhase section */
		93A86AA6197B16060015F16F /* Sources */ = {
			isa = PBXSourcesBuildPhase;
			buildActionMask = 2147483647;
			files = (
				93AFA4011981DC29004F71F8 /* YJZAddViewController.m in Sources */,
				93A86ABE197B16060015F16F /* YJZAppDelegate.m in Sources */,
				93A86AE1197B2C080015F16F /* YJZPlaceStore.m in Sources */,
				93E6D47A19809BD600FD1C7B /* YJZPanTransition.m in Sources */,
				93AFA3F21981B247004F71F8 /* YJZAPIConstants.m in Sources */,
				93A86AE4197B3B1E0015F16F /* YJZPlacesViewController.m in Sources */,
				934262DF19D78FCB00221550 /* YJZImageStore.m in Sources */,
				93A86ABA197B16060015F16F /* main.m in Sources */,
				93A86ADE197B16300015F16F /* YJZPlace.m in Sources */,
				93A86AED197B64340015F16F /* YJZDetailViewController.m in Sources */,
				938302A0197F86D4008442A6 /* YJZNavViewController.m in Sources */,
				93A1BD63197F45E3007DBC9E /* YJZPlaceAnim.m in Sources */,
				93A1BD57197F0B4D007DBC9E /* YJZConstants.m in Sources */,
			);
			runOnlyForDeploymentPostprocessing = 0;
		};
		93A86AC1197B16060015F16F /* Sources */ = {
			isa = PBXSourcesBuildPhase;
			buildActionMask = 2147483647;
			files = (
				93A86AD3197B16060015F16F /* PlacesTests.m in Sources */,
			);
			runOnlyForDeploymentPostprocessing = 0;
		};
/* End PBXSourcesBuildPhase section */

/* Begin PBXTargetDependency section */
		93A86ACB197B16060015F16F /* PBXTargetDependency */ = {
			isa = PBXTargetDependency;
			target = 93A86AA9197B16060015F16F /* Places */;
			targetProxy = 93A86ACA197B16060015F16F /* PBXContainerItemProxy */;
		};
/* End PBXTargetDependency section */

/* Begin PBXVariantGroup section */
		93A86AB6197B16060015F16F /* InfoPlist.strings */ = {
			isa = PBXVariantGroup;
			children = (
				93A86AB7197B16060015F16F /* en */,
			);
			name = InfoPlist.strings;
			sourceTree = "<group>";
		};
		93A86ACF197B16060015F16F /* InfoPlist.strings */ = {
			isa = PBXVariantGroup;
			children = (
				93A86AD0197B16060015F16F /* en */,
			);
			name = InfoPlist.strings;
			sourceTree = "<group>";
		};
/* End PBXVariantGroup section */

/* Begin XCBuildConfiguration section */
		93A86AD4197B16060015F16F /* Debug */ = {
			isa = XCBuildConfiguration;
			buildSettings = {
				ALWAYS_SEARCH_USER_PATHS = NO;
				CLANG_CXX_LANGUAGE_STANDARD = "gnu++0x";
				CLANG_CXX_LIBRARY = "libc++";
				CLANG_ENABLE_MODULES = YES;
				CLANG_ENABLE_OBJC_ARC = YES;
				CLANG_WARN_BOOL_CONVERSION = YES;
				CLANG_WARN_CONSTANT_CONVERSION = YES;
				CLANG_WARN_DIRECT_OBJC_ISA_USAGE = YES_ERROR;
				CLANG_WARN_EMPTY_BODY = YES;
				CLANG_WARN_ENUM_CONVERSION = YES;
				CLANG_WARN_INT_CONVERSION = YES;
				CLANG_WARN_OBJC_ROOT_CLASS = YES_ERROR;
				CLANG_WARN__DUPLICATE_METHOD_MATCH = YES;
				"CODE_SIGN_IDENTITY[sdk=iphoneos*]" = "iPhone Developer";
				COPY_PHASE_STRIP = NO;
				GCC_C_LANGUAGE_STANDARD = gnu99;
				GCC_DYNAMIC_NO_PIC = NO;
				GCC_OPTIMIZATION_LEVEL = 0;
				GCC_PREPROCESSOR_DEFINITIONS = (
					"DEBUG=1",
					"$(inherited)",
				);
				GCC_SYMBOLS_PRIVATE_EXTERN = NO;
				GCC_WARN_64_TO_32_BIT_CONVERSION = YES;
				GCC_WARN_ABOUT_RETURN_TYPE = YES_ERROR;
				GCC_WARN_UNDECLARED_SELECTOR = YES;
				GCC_WARN_UNINITIALIZED_AUTOS = YES_AGGRESSIVE;
				GCC_WARN_UNUSED_FUNCTION = YES;
				GCC_WARN_UNUSED_VARIABLE = YES;
				IPHONEOS_DEPLOYMENT_TARGET = 7.1;
				ONLY_ACTIVE_ARCH = YES;
				SDKROOT = iphoneos;
			};
			name = Debug;
		};
		93A86AD5197B16060015F16F /* Release */ = {
			isa = XCBuildConfiguration;
			buildSettings = {
				ALWAYS_SEARCH_USER_PATHS = NO;
				CLANG_CXX_LANGUAGE_STANDARD = "gnu++0x";
				CLANG_CXX_LIBRARY = "libc++";
				CLANG_ENABLE_MODULES = YES;
				CLANG_ENABLE_OBJC_ARC = YES;
				CLANG_WARN_BOOL_CONVERSION = YES;
				CLANG_WARN_CONSTANT_CONVERSION = YES;
				CLANG_WARN_DIRECT_OBJC_ISA_USAGE = YES_ERROR;
				CLANG_WARN_EMPTY_BODY = YES;
				CLANG_WARN_ENUM_CONVERSION = YES;
				CLANG_WARN_INT_CONVERSION = YES;
				CLANG_WARN_OBJC_ROOT_CLASS = YES_ERROR;
				CLANG_WARN__DUPLICATE_METHOD_MATCH = YES;
				"CODE_SIGN_IDENTITY[sdk=iphoneos*]" = "iPhone Developer";
				COPY_PHASE_STRIP = YES;
				ENABLE_NS_ASSERTIONS = NO;
				GCC_C_LANGUAGE_STANDARD = gnu99;
				GCC_WARN_64_TO_32_BIT_CONVERSION = YES;
				GCC_WARN_ABOUT_RETURN_TYPE = YES_ERROR;
				GCC_WARN_UNDECLARED_SELECTOR = YES;
				GCC_WARN_UNINITIALIZED_AUTOS = YES_AGGRESSIVE;
				GCC_WARN_UNUSED_FUNCTION = YES;
				GCC_WARN_UNUSED_VARIABLE = YES;
				IPHONEOS_DEPLOYMENT_TARGET = 7.1;
				SDKROOT = iphoneos;
				VALIDATE_PRODUCT = YES;
			};
			name = Release;
		};
		93A86AD7197B16060015F16F /* Debug */ = {
			isa = XCBuildConfiguration;
			buildSettings = {
				ASSETCATALOG_COMPILER_APPICON_NAME = AppIcon;
				ASSETCATALOG_COMPILER_LAUNCHIMAGE_NAME = LaunchImage;
				GCC_PRECOMPILE_PREFIX_HEADER = YES;
				GCC_PREFIX_HEADER = "Places/Places-Prefix.pch";
				INFOPLIST_FILE = "Places/Places-Info.plist";
				PRODUCT_NAME = "$(TARGET_NAME)";
				WRAPPER_EXTENSION = app;
			};
			name = Debug;
		};
		93A86AD8197B16060015F16F /* Release */ = {
			isa = XCBuildConfiguration;
			buildSettings = {
				ASSETCATALOG_COMPILER_APPICON_NAME = AppIcon;
				ASSETCATALOG_COMPILER_LAUNCHIMAGE_NAME = LaunchImage;
				GCC_PRECOMPILE_PREFIX_HEADER = YES;
				GCC_PREFIX_HEADER = "Places/Places-Prefix.pch";
				INFOPLIST_FILE = "Places/Places-Info.plist";
				PRODUCT_NAME = "$(TARGET_NAME)";
				WRAPPER_EXTENSION = app;
			};
			name = Release;
		};
		93A86ADA197B16060015F16F /* Debug */ = {
			isa = XCBuildConfiguration;
			buildSettings = {
				BUNDLE_LOADER = "$(BUILT_PRODUCTS_DIR)/Places.app/Places";
				FRAMEWORK_SEARCH_PATHS = (
					"$(SDKROOT)/Developer/Library/Frameworks",
					"$(inherited)",
					"$(DEVELOPER_FRAMEWORKS_DIR)",
				);
				GCC_PRECOMPILE_PREFIX_HEADER = YES;
				GCC_PREFIX_HEADER = "Places/Places-Prefix.pch";
				GCC_PREPROCESSOR_DEFINITIONS = (
					"DEBUG=1",
					"$(inherited)",
				);
				INFOPLIST_FILE = "PlacesTests/PlacesTests-Info.plist";
				PRODUCT_NAME = "$(TARGET_NAME)";
				TEST_HOST = "$(BUNDLE_LOADER)";
				WRAPPER_EXTENSION = xctest;
			};
			name = Debug;
		};
		93A86ADB197B16060015F16F /* Release */ = {
			isa = XCBuildConfiguration;
			buildSettings = {
				BUNDLE_LOADER = "$(BUILT_PRODUCTS_DIR)/Places.app/Places";
				FRAMEWORK_SEARCH_PATHS = (
					"$(SDKROOT)/Developer/Library/Frameworks",
					"$(inherited)",
					"$(DEVELOPER_FRAMEWORKS_DIR)",
				);
				GCC_PRECOMPILE_PREFIX_HEADER = YES;
				GCC_PREFIX_HEADER = "Places/Places-Prefix.pch";
				INFOPLIST_FILE = "PlacesTests/PlacesTests-Info.plist";
				PRODUCT_NAME = "$(TARGET_NAME)";
				TEST_HOST = "$(BUNDLE_LOADER)";
				WRAPPER_EXTENSION = xctest;
			};
			name = Release;
		};
/* End XCBuildConfiguration section */

/* Begin XCConfigurationList section */
		93A86AA5197B16060015F16F /* Build configuration list for PBXProject "Places" */ = {
			isa = XCConfigurationList;
			buildConfigurations = (
				93A86AD4197B16060015F16F /* Debug */,
				93A86AD5197B16060015F16F /* Release */,
			);
			defaultConfigurationIsVisible = 0;
			defaultConfigurationName = Release;
		};
		93A86AD6197B16060015F16F /* Build configuration list for PBXNativeTarget "Places" */ = {
			isa = XCConfigurationList;
			buildConfigurations = (
				93A86AD7197B16060015F16F /* Debug */,
				93A86AD8197B16060015F16F /* Release */,
			);
			defaultConfigurationIsVisible = 0;
			defaultConfigurationName = Release;
		};
		93A86AD9197B16060015F16F /* Build configuration list for PBXNativeTarget "PlacesTests" */ = {
			isa = XCConfigurationList;
			buildConfigurations = (
				93A86ADA197B16060015F16F /* Debug */,
				93A86ADB197B16060015F16F /* Release */,
			);
			defaultConfigurationIsVisible = 0;
			defaultConfigurationName = Release;
		};
/* End XCConfigurationList section */
	};
	rootObject = 93A86AA2197B16060015F16F /* Project object */;
}
